
Microsoft Visual Studio Solution File, Format Version 12.00
# Visual Studio Version 16
VisualStudioVersion = 16.0.30104.148
MinimumVisualStudioVersion = 10.0.40219.1
Project("{FAE04EC0-301F-11D3-BF4B-00C04F79EFBC}") = "WebApplication3", "WebApplication3\WebApplication3.csproj", "{A17D1EA3-DCED-4E66-9B56-E5E32DE06587}"
EndProject
Global
	GlobalSection(SolutionConfigurationPlatforms) = preSolution
		Debug|Any CPU = Debug|Any CPU
		Release|Any CPU = Release|Any CPU
	EndGlobalSection
	GlobalSection(ProjectConfigurationPlatforms) = postSolution
		{A17D1EA3-DCED-4E66-9B56-E5E32DE06587}.Debug|Any CPU.ActiveCfg = Debug|Any CPU
		{A17D1EA3-DCED-4E66-9B56-E5E32DE06587}.Debug|Any CPU.Build.0 = Debug|Any CPU
		{A17D1EA3-DCED-4E66-9B56-E5E32DE06587}.Release|Any CPU.ActiveCfg = Release|Any CPU
		{A17D1EA3-DCED-4E66-9B56-E5E32DE06587}.Release|Any CPU.Build.0 = Release|Any CPU
	EndGlobalSection
	GlobalSection(SolutionProperties) = preSolution
		HideSolutionNode = FALSE
	EndGlobalSection
	GlobalSection(ExtensibilityGlobals) = postSolution
		SolutionGuid = {1A056B27-3197-4840-9773-EFCDA40B2276}
	EndGlobalSection
EndGlobal
